
Microsoft Visual Studio Solution File, Format Version 12.00
# Visual Studio Version 17
VisualStudioVersion = 17.4.33103.184
MinimumVisualStudioVersion = 10.0.40219.1
Project("{9A19103F-16F7-4668-BE54-9A1E7A4F7556}") = "Quantum.RingBuffer", "src\Quantum.RingBuffer.csproj", "{FC9D921D-6259-457E-9470-B082EC0E7CBB}"
EndProject
Project("{9A19103F-16F7-4668-BE54-9A1E7A4F7556}") = "Quantum.RingBuffer.Tests", "tests\Quantum.RingBuffer.Tests.csproj", "{D3358375-A50D-4768-8CE0-3893C30CD0CF}"
EndProject
Global
	GlobalSection(SolutionConfigurationPlatforms) = preSolution
		Debug|Any CPU = Debug|Any CPU
		Release|Any CPU = Release|Any CPU
	EndGlobalSection
	GlobalSection(ProjectConfigurationPlatforms) = postSolution
		{FC9D921D-6259-457E-9470-B082EC0E7CBB}.Debug|Any CPU.ActiveCfg = Debug|Any CPU
		{FC9D921D-6259-457E-9470-B082EC0E7CBB}.Debug|Any CPU.Build.0 = Debug|Any CPU
		{FC9D921D-6259-457E-9470-B082EC0E7CBB}.Release|Any CPU.ActiveCfg = Release|Any CPU
		{FC9D921D-6259-457E-9470-B082EC0E7CBB}.Release|Any CPU.Build.0 = Release|Any CPU
		{D3358375-A50D-4768-8CE0-3893C30CD0CF}.Debug|Any CPU.ActiveCfg = Debug|Any CPU
		{D3358375-A50D-4768-8CE0-3893C30CD0CF}.Debug|Any CPU.Build.0 = Debug|Any CPU
		{D3358375-A50D-4768-8CE0-3893C30CD0CF}.Release|Any CPU.ActiveCfg = Release|Any CPU
		{D3358375-A50D-4768-8CE0-3893C30CD0CF}.Release|Any CPU.Build.0 = Release|Any CPU
	EndGlobalSection
	GlobalSection(SolutionProperties) = preSolution
		HideSolutionNode = FALSE
	EndGlobalSection
	GlobalSection(ExtensibilityGlobals) = postSolution
		SolutionGuid = {79B7DF70-E3D9-42EE-BE94-D891DFC9DFFA}
	EndGlobalSection
EndGlobal
